
Microsoft Visual Studio Solution File, Format Version 12.00
# Visual Studio Version 16
VisualStudioVersion = 16.0.31105.61
MinimumVisualStudioVersion = 10.0.40219.1
Project("{9A19103F-16F7-4668-BE54-9A1E7A4F7556}") = "NewsWebApp.DAL", "NewsWebApp.DAL\NewsWebApp.DAL.csproj", "{1DA102CC-D2E5-4C71-BB68-ED940D764116}"
EndProject
Project("{9A19103F-16F7-4668-BE54-9A1E7A4F7556}") = "NewsWebApp.BLL", "NewsWebApp.BLL\NewsWebApp.BLL.csproj", "{F91AEF3F-A724-49E9-83FD-92B54196AC8A}"
EndProject
Project("{9A19103F-16F7-4668-BE54-9A1E7A4F7556}") = "NewsWebApp.PL", "WebNewsApp.PL\NewsWebApp.PL.csproj", "{62C3B8C5-E904-4CCB-9103-C1A3DAD4B25B}"
EndProject
Global
	GlobalSection(SolutionConfigurationPlatforms) = preSolution
		Debug|Any CPU = Debug|Any CPU
		Release|Any CPU = Release|Any CPU
	EndGlobalSection
	GlobalSection(ProjectConfigurationPlatforms) = postSolution
		{1DA102CC-D2E5-4C71-BB68-ED940D764116}.Debug|Any CPU.ActiveCfg = Debug|Any CPU
		{1DA102CC-D2E5-4C71-BB68-ED940D764116}.Debug|Any CPU.Build.0 = Debug|Any CPU
		{1DA102CC-D2E5-4C71-BB68-ED940D764116}.Release|Any CPU.ActiveCfg = Release|Any CPU
		{1DA102CC-D2E5-4C71-BB68-ED940D764116}.Release|Any CPU.Build.0 = Release|Any CPU
		{F91AEF3F-A724-49E9-83FD-92B54196AC8A}.Debug|Any CPU.ActiveCfg = Debug|Any CPU
		{F91AEF3F-A724-49E9-83FD-92B54196AC8A}.Debug|Any CPU.Build.0 = Debug|Any CPU
		{F91AEF3F-A724-49E9-83FD-92B54196AC8A}.Release|Any CPU.ActiveCfg = Release|Any CPU
		{F91AEF3F-A724-49E9-83FD-92B54196AC8A}.Release|Any CPU.Build.0 = Release|Any CPU
		{62C3B8C5-E904-4CCB-9103-C1A3DAD4B25B}.Debug|Any CPU.ActiveCfg = Debug|Any CPU
		{62C3B8C5-E904-4CCB-9103-C1A3DAD4B25B}.Debug|Any CPU.Build.0 = Debug|Any CPU
		{62C3B8C5-E904-4CCB-9103-C1A3DAD4B25B}.Release|Any CPU.ActiveCfg = Release|Any CPU
		{62C3B8C5-E904-4CCB-9103-C1A3DAD4B25B}.Release|Any CPU.Build.0 = Release|Any CPU
	EndGlobalSection
	GlobalSection(SolutionProperties) = preSolution
		HideSolutionNode = FALSE
	EndGlobalSection
	GlobalSection(ExtensibilityGlobals) = postSolution
		SolutionGuid = {426FEDB6-603D-40A8-9BE5-91B3E00D4CB7}
	EndGlobalSection
EndGlobal
